
Microsoft Visual Studio Solution File, Format Version 12.00
# Visual Studio 2017
Project("{FAE04EC0-301F-11D3-BF4B-00C04F79EFBC}") = "Straßensimulation", "Straßensimulation.csproj", "{F9249169-1FB7-41BD-E6BB-4039CE2EB4C0}"
EndProject
Project("{FAE04EC0-301F-11D3-BF4B-00C04F79EFBC}") = "Straßensimulation.Editor", "Straßensimulation.Editor.csproj", "{27982D62-4140-C292-B590-C4BF6BA92EE5}"
EndProject
Global
	GlobalSection(SolutionConfigurationPlatforms) = preSolution
		Debug|Any CPU = Debug|Any CPU
		Release|Any CPU = Release|Any CPU
	EndGlobalSection
	GlobalSection(ProjectConfigurationPlatforms) = postSolution
		{F9249169-1FB7-41BD-E6BB-4039CE2EB4C0}.Debug|Any CPU.ActiveCfg = Debug|Any CPU
		{F9249169-1FB7-41BD-E6BB-4039CE2EB4C0}.Debug|Any CPU.Build.0 = Debug|Any CPU
		{F9249169-1FB7-41BD-E6BB-4039CE2EB4C0}.Release|Any CPU.ActiveCfg = Release|Any CPU
		{F9249169-1FB7-41BD-E6BB-4039CE2EB4C0}.Release|Any CPU.Build.0 = Release|Any CPU
		{27982D62-4140-C292-B590-C4BF6BA92EE5}.Debug|Any CPU.ActiveCfg = Debug|Any CPU
		{27982D62-4140-C292-B590-C4BF6BA92EE5}.Debug|Any CPU.Build.0 = Debug|Any CPU
		{27982D62-4140-C292-B590-C4BF6BA92EE5}.Release|Any CPU.ActiveCfg = Release|Any CPU
		{27982D62-4140-C292-B590-C4BF6BA92EE5}.Release|Any CPU.Build.0 = Release|Any CPU
	EndGlobalSection
	GlobalSection(SolutionProperties) = preSolution
		HideSolutionNode = FALSE
	EndGlobalSection
EndGlobal
